// !$*UTF8*$!
{
	archiveVersion = 1;
	classes = {
	};
	objectVersion = 48;
	objects = {

/* Begin PBXBuildFile section */
		9001352520476C8E0032EAB7 /* SettingSelection.storyboard in Resources */ = {isa = PBXBuildFile; fileRef = 9001352420476C8E0032EAB7 /* SettingSelection.storyboard */; };
		9001352720476CA40032EAB7 /* SettingSelectionViewController.swift in Sources */ = {isa = PBXBuildFile; fileRef = 9001352620476CA30032EAB7 /* SettingSelectionViewController.swift */; };
		903661C920340B63008D2B39 /* PlaylistSelectionViewController.swift in Sources */ = {isa = PBXBuildFile; fileRef = 903661C820340B63008D2B39 /* PlaylistSelectionViewController.swift */; };
		903661CD20342329008D2B39 /* MainTabBarController.swift in Sources */ = {isa = PBXBuildFile; fileRef = 903661CC20342329008D2B39 /* MainTabBarController.swift */; };
		903661D020342701008D2B39 /* MediaPlayer.framework in Frameworks */ = {isa = PBXBuildFile; fileRef = 903661CF20342701008D2B39 /* MediaPlayer.framework */; };
		90577E112032E0ED00D46AF9 /* AppDelegate.swift in Sources */ = {isa = PBXBuildFile; fileRef = 90577E102032E0ED00D46AF9 /* AppDelegate.swift */; };
		90577E152032E0ED00D46AF9 /* PlayerViewController.swift in Sources */ = {isa = PBXBuildFile; fileRef = 90577E142032E0ED00D46AF9 /* PlayerViewController.swift */; };
		90577E182032E0ED00D46AF9 /* Main.storyboard in Resources */ = {isa = PBXBuildFile; fileRef = 90577E162032E0ED00D46AF9 /* Main.storyboard */; };
		90577E1A2032E0ED00D46AF9 /* Assets.xcassets in Resources */ = {isa = PBXBuildFile; fileRef = 90577E192032E0ED00D46AF9 /* Assets.xcassets */; };
		90577E1D2032E0ED00D46AF9 /* LaunchScreen.storyboard in Resources */ = {isa = PBXBuildFile; fileRef = 90577E1B2032E0ED00D46AF9 /* LaunchScreen.storyboard */; };
		90577E252033070900D46AF9 /* User.swift in Sources */ = {isa = PBXBuildFile; fileRef = 90577E242033070900D46AF9 /* User.swift */; };
		90577E2920330C4100D46AF9 /* MetronomeViewController.swift in Sources */ = {isa = PBXBuildFile; fileRef = 90577E2820330C4100D46AF9 /* MetronomeViewController.swift */; };
		90577E2B20330E9300D46AF9 /* UserViewController.swift in Sources */ = {isa = PBXBuildFile; fileRef = 90577E2A20330E9300D46AF9 /* UserViewController.swift */; };
		905E86B720355FF1004BE779 /* MusicSelectonTableViewController.swift in Sources */ = {isa = PBXBuildFile; fileRef = 905E86B620355FF1004BE779 /* MusicSelectonTableViewController.swift */; };
		905E86B920357C73004BE779 /* MainTabBarDelegate.swift in Sources */ = {isa = PBXBuildFile; fileRef = 905E86B820357C73004BE779 /* MainTabBarDelegate.swift */; };
		9068DCDA2044DE9D009648C5 /* AudioEnginePlayer.swift in Sources */ = {isa = PBXBuildFile; fileRef = 9068DCD92044DE9D009648C5 /* AudioEnginePlayer.swift */; };
		906A7CD72039A53D008CF890 /* QuartzCore.framework in Frameworks */ = {isa = PBXBuildFile; fileRef = 906A7CD62039A53D008CF890 /* QuartzCore.framework */; };
		906A7CD92039A7DC008CF890 /* MyShapeLayer.swift in Sources */ = {isa = PBXBuildFile; fileRef = 906A7CD82039A7DC008CF890 /* MyShapeLayer.swift */; };
		9081D44B203677B40085A8EA /* PlaylistSelection.storyboard in Resources */ = {isa = PBXBuildFile; fileRef = 9081D44A203677B40085A8EA /* PlaylistSelection.storyboard */; };
		9081D44D203678530085A8EA /* MusicSelection.storyboard in Resources */ = {isa = PBXBuildFile; fileRef = 9081D44C203678530085A8EA /* MusicSelection.storyboard */; };
		9081D45120367A040085A8EA /* Player.storyboard in Resources */ = {isa = PBXBuildFile; fileRef = 9081D45020367A040085A8EA /* Player.storyboard */; };
		9081D45320367A370085A8EA /* Metronome.storyboard in Resources */ = {isa = PBXBuildFile; fileRef = 9081D45220367A370085A8EA /* Metronome.storyboard */; };
		9081D45520367AA20085A8EA /* MainTabBar.storyboard in Resources */ = {isa = PBXBuildFile; fileRef = 9081D45420367AA20085A8EA /* MainTabBar.storyboard */; };
		9081D4572036A17A0085A8EA /* MusicStatement.storyboard in Resources */ = {isa = PBXBuildFile; fileRef = 9081D4562036A17A0085A8EA /* MusicStatement.storyboard */; };
		9081D4592036A2690085A8EA /* MusicStatementViewController.swift in Sources */ = {isa = PBXBuildFile; fileRef = 9081D4582036A2690085A8EA /* MusicStatementViewController.swift */; };
		909E6F542043C1BC00BDB10D /* setupParts.swift in Sources */ = {isa = PBXBuildFile; fileRef = 909E6F532043C1BC00BDB10D /* setupParts.swift */; };
/* End PBXBuildFile section */

/* Begin PBXFileReference section */
		9001352420476C8E0032EAB7 /* SettingSelection.storyboard */ = {isa = PBXFileReference; fileEncoding = 4; lastKnownFileType = file.storyboard; path = SettingSelection.storyboard; sourceTree = "<group>"; };
		9001352620476CA30032EAB7 /* SettingSelectionViewController.swift */ = {isa = PBXFileReference; fileEncoding = 4; lastKnownFileType = sourcecode.swift; path = SettingSelectionViewController.swift; sourceTree = "<group>"; };
		903661C820340B63008D2B39 /* PlaylistSelectionViewController.swift */ = {isa = PBXFileReference; lastKnownFileType = sourcecode.swift; path = PlaylistSelectionViewController.swift; sourceTree = "<group>"; };
		903661CC20342329008D2B39 /* MainTabBarController.swift */ = {isa = PBXFileReference; lastKnownFileType = sourcecode.swift; path = MainTabBarController.swift; sourceTree = "<group>"; };
		903661CF20342701008D2B39 /* MediaPlayer.framework */ = {isa = PBXFileReference; lastKnownFileType = wrapper.framework; name = MediaPlayer.framework; path = System/Library/Frameworks/MediaPlayer.framework; sourceTree = SDKROOT; };
		90577E0D2032E0EC00D46AF9 /* SoundMixer.app */ = {isa = PBXFileReference; explicitFileType = wrapper.application; includeInIndex = 0; path = SoundMixer.app; sourceTree = BUILT_PRODUCTS_DIR; };
		90577E102032E0ED00D46AF9 /* AppDelegate.swift */ = {isa = PBXFileReference; lastKnownFileType = sourcecode.swift; path = AppDelegate.swift; sourceTree = "<group>"; };
		90577E142032E0ED00D46AF9 /* PlayerViewController.swift */ = {isa = PBXFileReference; lastKnownFileType = sourcecode.swift; path = PlayerViewController.swift; sourceTree = "<group>"; };
		90577E172032E0ED00D46AF9 /* Base */ = {isa = PBXFileReference; lastKnownFileType = file.storyboard; name = Base; path = Base.lproj/Main.storyboard; sourceTree = "<group>"; };
		90577E192032E0ED00D46AF9 /* Assets.xcassets */ = {isa = PBXFileReference; lastKnownFileType = folder.assetcatalog; path = Assets.xcassets; sourceTree = "<group>"; };
		90577E1C2032E0ED00D46AF9 /* Base */ = {isa = PBXFileReference; lastKnownFileType = file.storyboard; name = Base; path = Base.lproj/LaunchScreen.storyboard; sourceTree = "<group>"; };
		90577E1E2032E0ED00D46AF9 /* Info.plist */ = {isa = PBXFileReference; lastKnownFileType = text.plist.xml; path = Info.plist; sourceTree = "<group>"; };
		90577E242033070900D46AF9 /* User.swift */ = {isa = PBXFileReference; lastKnownFileType = sourcecode.swift; path = User.swift; sourceTree = "<group>"; };
		90577E2820330C4100D46AF9 /* MetronomeViewController.swift */ = {isa = PBXFileReference; lastKnownFileType = sourcecode.swift; name = MetronomeViewController.swift; path = ../MetronomeViewController.swift; sourceTree = "<group>"; };
		90577E2A20330E9300D46AF9 /* UserViewController.swift */ = {isa = PBXFileReference; lastKnownFileType = sourcecode.swift; path = UserViewController.swift; sourceTree = "<group>"; };
		905E86B620355FF1004BE779 /* MusicSelectonTableViewController.swift */ = {isa = PBXFileReference; lastKnownFileType = sourcecode.swift; path = MusicSelectonTableViewController.swift; sourceTree = "<group>"; };
		905E86B820357C73004BE779 /* MainTabBarDelegate.swift */ = {isa = PBXFileReference; lastKnownFileType = sourcecode.swift; path = MainTabBarDelegate.swift; sourceTree = "<group>"; };
		9068DCD92044DE9D009648C5 /* AudioEnginePlayer.swift */ = {isa = PBXFileReference; fileEncoding = 4; lastKnownFileType = sourcecode.swift; path = AudioEnginePlayer.swift; sourceTree = "<group>"; };
		906A7CD62039A53D008CF890 /* QuartzCore.framework */ = {isa = PBXFileReference; lastKnownFileType = wrapper.framework; name = QuartzCore.framework; path = System/Library/Frameworks/QuartzCore.framework; sourceTree = SDKROOT; };
		906A7CD82039A7DC008CF890 /* MyShapeLayer.swift */ = {isa = PBXFileReference; lastKnownFileType = sourcecode.swift; path = MyShapeLayer.swift; sourceTree = "<group>"; };
		9081D44A203677B40085A8EA /* PlaylistSelection.storyboard */ = {isa = PBXFileReference; lastKnownFileType = file.storyboard; path = PlaylistSelection.storyboard; sourceTree = "<group>"; };
		9081D44C203678530085A8EA /* MusicSelection.storyboard */ = {isa = PBXFileReference; lastKnownFileType = file.storyboard; path = MusicSelection.storyboard; sourceTree = "<group>"; };
		9081D45020367A040085A8EA /* Player.storyboard */ = {isa = PBXFileReference; lastKnownFileType = file.storyboard; path = Player.storyboard; sourceTree = "<group>"; };
		9081D45220367A370085A8EA /* Metronome.storyboard */ = {isa = PBXFileReference; lastKnownFileType = file.storyboard; path = Metronome.storyboard; sourceTree = "<group>"; };
		9081D45420367AA20085A8EA /* MainTabBar.storyboard */ = {isa = PBXFileReference; lastKnownFileType = file.storyboard; path = MainTabBar.storyboard; sourceTree = "<group>"; };
		9081D4562036A17A0085A8EA /* MusicStatement.storyboard */ = {isa = PBXFileReference; lastKnownFileType = file.storyboard; path = MusicStatement.storyboard; sourceTree = "<group>"; };
		9081D4582036A2690085A8EA /* MusicStatementViewController.swift */ = {isa = PBXFileReference; lastKnownFileType = sourcecode.swift; path = MusicStatementViewController.swift; sourceTree = "<group>"; };
		909E6F532043C1BC00BDB10D /* setupParts.swift */ = {isa = PBXFileReference; lastKnownFileType = sourcecode.swift; path = setupParts.swift; sourceTree = "<group>"; };
/* End PBXFileReference section */

/* Begin PBXFrameworksBuildPhase section */
		90577E0A2032E0EC00D46AF9 /* Frameworks */ = {
			isa = PBXFrameworksBuildPhase;
			buildActionMask = 2147483647;
			files = (
				906A7CD72039A53D008CF890 /* QuartzCore.framework in Frameworks */,
				903661D020342701008D2B39 /* MediaPlayer.framework in Frameworks */,
			);
			runOnlyForDeploymentPostprocessing = 0;
		};
/* End PBXFrameworksBuildPhase section */

/* Begin PBXGroup section */
		903661CE20342700008D2B39 /* Frameworks */ = {
			isa = PBXGroup;
			children = (
				906A7CD62039A53D008CF890 /* QuartzCore.framework */,
				903661CF20342701008D2B39 /* MediaPlayer.framework */,
			);
			name = Frameworks;
			sourceTree = "<group>";
		};
		90577E042032E0EC00D46AF9 = {
			isa = PBXGroup;
			children = (
				90577E0F2032E0EC00D46AF9 /* SoundMixer */,
				90577E0E2032E0EC00D46AF9 /* Products */,
				903661CE20342700008D2B39 /* Frameworks */,
			);
			sourceTree = "<group>";
		};
		90577E0E2032E0EC00D46AF9 /* Products */ = {
			isa = PBXGroup;
			children = (
				90577E0D2032E0EC00D46AF9 /* SoundMixer.app */,
			);
			name = Products;
			sourceTree = "<group>";
		};
		90577E0F2032E0EC00D46AF9 /* SoundMixer */ = {
			isa = PBXGroup;
			children = (
				90577E102032E0ED00D46AF9 /* AppDelegate.swift */,
				903661CC20342329008D2B39 /* MainTabBarController.swift */,
				905E86B820357C73004BE779 /* MainTabBarDelegate.swift */,
				9068DCD92044DE9D009648C5 /* AudioEnginePlayer.swift */,
				909E6F532043C1BC00BDB10D /* setupParts.swift */,
				906A7CD82039A7DC008CF890 /* MyShapeLayer.swift */,
				90577E242033070900D46AF9 /* User.swift */,
				90577E162032E0ED00D46AF9 /* Main.storyboard */,
				9081D45420367AA20085A8EA /* MainTabBar.storyboard */,
				9081D4562036A17A0085A8EA /* MusicStatement.storyboard */,
				9081D44A203677B40085A8EA /* PlaylistSelection.storyboard */,
				9081D44C203678530085A8EA /* MusicSelection.storyboard */,
				9081D45020367A040085A8EA /* Player.storyboard */,
				9081D45220367A370085A8EA /* Metronome.storyboard */,
				9001352420476C8E0032EAB7 /* SettingSelection.storyboard */,
				90577E2A20330E9300D46AF9 /* UserViewController.swift */,
				9081D4582036A2690085A8EA /* MusicStatementViewController.swift */,
				903661C820340B63008D2B39 /* PlaylistSelectionViewController.swift */,
				905E86B620355FF1004BE779 /* MusicSelectonTableViewController.swift */,
				9001352620476CA30032EAB7 /* SettingSelectionViewController.swift */,
				90577E142032E0ED00D46AF9 /* PlayerViewController.swift */,
				90577E2820330C4100D46AF9 /* MetronomeViewController.swift */,
				90577E192032E0ED00D46AF9 /* Assets.xcassets */,
				90577E1B2032E0ED00D46AF9 /* LaunchScreen.storyboard */,
				90577E1E2032E0ED00D46AF9 /* Info.plist */,
			);
			path = SoundMixer;
			sourceTree = "<group>";
		};
/* End PBXGroup section */

/* Begin PBXNativeTarget section */
		90577E0C2032E0EC00D46AF9 /* SoundMixer */ = {
			isa = PBXNativeTarget;
			buildConfigurationList = 90577E212032E0ED00D46AF9 /* Build configuration list for PBXNativeTarget "SoundMixer" */;
			buildPhases = (
				90577E092032E0EC00D46AF9 /* Sources */,
				90577E0A2032E0EC00D46AF9 /* Frameworks */,
				90577E0B2032E0EC00D46AF9 /* Resources */,
			);
			buildRules = (
			);
			dependencies = (
			);
			name = SoundMixer;
			productName = SoundMixer;
			productReference = 90577E0D2032E0EC00D46AF9 /* SoundMixer.app */;
			productType = "com.apple.product-type.application";
		};
/* End PBXNativeTarget section */

/* Begin PBXProject section */
		90577E052032E0EC00D46AF9 /* Project object */ = {
			isa = PBXProject;
			attributes = {
				LastSwiftUpdateCheck = 0920;
				LastUpgradeCheck = 0920;
				ORGANIZATIONNAME = EdTechTokushima;
				TargetAttributes = {
					90577E0C2032E0EC00D46AF9 = {
						CreatedOnToolsVersion = 9.2;
						ProvisioningStyle = Automatic;
					};
				};
			};
			buildConfigurationList = 90577E082032E0EC00D46AF9 /* Build configuration list for PBXProject "SoundMixer" */;
			compatibilityVersion = "Xcode 8.0";
			developmentRegion = en;
			hasScannedForEncodings = 0;
			knownRegions = (
				en,
				Base,
			);
			mainGroup = 90577E042032E0EC00D46AF9;
			productRefGroup = 90577E0E2032E0EC00D46AF9 /* Products */;
			projectDirPath = "";
			projectRoot = "";
			targets = (
				90577E0C2032E0EC00D46AF9 /* SoundMixer */,
			);
		};
/* End PBXProject section */

/* Begin PBXResourcesBuildPhase section */
		90577E0B2032E0EC00D46AF9 /* Resources */ = {
			isa = PBXResourcesBuildPhase;
			buildActionMask = 2147483647;
			files = (
				90577E1D2032E0ED00D46AF9 /* LaunchScreen.storyboard in Resources */,
				9081D45120367A040085A8EA /* Player.storyboard in Resources */,
				9081D44D203678530085A8EA /* MusicSelection.storyboard in Resources */,
				90577E1A2032E0ED00D46AF9 /* Assets.xcassets in Resources */,
				9001352520476C8E0032EAB7 /* SettingSelection.storyboard in Resources */,
				90577E182032E0ED00D46AF9 /* Main.storyboard in Resources */,
				9081D45520367AA20085A8EA /* MainTabBar.storyboard in Resources */,
				9081D44B203677B40085A8EA /* PlaylistSelection.storyboard in Resources */,
				9081D45320367A370085A8EA /* Metronome.storyboard in Resources */,
				9081D4572036A17A0085A8EA /* MusicStatement.storyboard in Resources */,
			);
			runOnlyForDeploymentPostprocessing = 0;
		};
/* End PBXResourcesBuildPhase section */

/* Begin PBXSourcesBuildPhase section */
		90577E092032E0EC00D46AF9 /* Sources */ = {
			isa = PBXSourcesBuildPhase;
			buildActionMask = 2147483647;
			files = (
				90577E252033070900D46AF9 /* User.swift in Sources */,
				905E86B920357C73004BE779 /* MainTabBarDelegate.swift in Sources */,
				909E6F542043C1BC00BDB10D /* setupParts.swift in Sources */,
				9081D4592036A2690085A8EA /* MusicStatementViewController.swift in Sources */,
				90577E2B20330E9300D46AF9 /* UserViewController.swift in Sources */,
				90577E152032E0ED00D46AF9 /* PlayerViewController.swift in Sources */,
				9068DCDA2044DE9D009648C5 /* AudioEnginePlayer.swift in Sources */,
				903661CD20342329008D2B39 /* MainTabBarController.swift in Sources */,
				9001352720476CA40032EAB7 /* SettingSelectionViewController.swift in Sources */,
				90577E2920330C4100D46AF9 /* MetronomeViewController.swift in Sources */,
				90577E112032E0ED00D46AF9 /* AppDelegate.swift in Sources */,
				905E86B720355FF1004BE779 /* MusicSelectonTableViewController.swift in Sources */,
				903661C920340B63008D2B39 /* PlaylistSelectionViewController.swift in Sources */,
				906A7CD92039A7DC008CF890 /* MyShapeLayer.swift in Sources */,
			);
			runOnlyForDeploymentPostprocessing = 0;
		};
/* End PBXSourcesBuildPhase section */

/* Begin PBXVariantGroup section */
		90577E162032E0ED00D46AF9 /* Main.storyboard */ = {
			isa = PBXVariantGroup;
			children = (
				90577E172032E0ED00D46AF9 /* Base */,
			);
			name = Main.storyboard;
			sourceTree = "<group>";
		};
		90577E1B2032E0ED00D46AF9 /* LaunchScreen.storyboard */ = {
			isa = PBXVariantGroup;
			children = (
				90577E1C2032E0ED00D46AF9 /* Base */,
			);
			name = LaunchScreen.storyboard;
			sourceTree = "<group>";
		};
/* End PBXVariantGroup section */

/* Begin XCBuildConfiguration section */
		90577E1F2032E0ED00D46AF9 /* Debug */ = {
			isa = XCBuildConfiguration;
			buildSettings = {
				ALWAYS_SEARCH_USER_PATHS = NO;
				CLANG_ANALYZER_NONNULL = YES;
				CLANG_ANALYZER_NUMBER_OBJECT_CONVERSION = YES_AGGRESSIVE;
				CLANG_CXX_LANGUAGE_STANDARD = "gnu++14";
				CLANG_CXX_LIBRARY = "libc++";
				CLANG_ENABLE_MODULES = YES;
				CLANG_ENABLE_OBJC_ARC = YES;
				CLANG_WARN_BLOCK_CAPTURE_AUTORELEASING = YES;
				CLANG_WARN_BOOL_CONVERSION = YES;
				CLANG_WARN_COMMA = YES;
				CLANG_WARN_CONSTANT_CONVERSION = YES;
				CLANG_WARN_DIRECT_OBJC_ISA_USAGE = YES_ERROR;
				CLANG_WARN_DOCUMENTATION_COMMENTS = YES;
				CLANG_WARN_EMPTY_BODY = YES;
				CLANG_WARN_ENUM_CONVERSION = YES;
				CLANG_WARN_INFINITE_RECURSION = YES;
				CLANG_WARN_INT_CONVERSION = YES;
				CLANG_WARN_NON_LITERAL_NULL_CONVERSION = YES;
				CLANG_WARN_OBJC_LITERAL_CONVERSION = YES;
				CLANG_WARN_OBJC_ROOT_CLASS = YES_ERROR;
				CLANG_WARN_RANGE_LOOP_ANALYSIS = YES;
				CLANG_WARN_STRICT_PROTOTYPES = YES;
				CLANG_WARN_SUSPICIOUS_MOVE = YES;
				CLANG_WARN_UNGUARDED_AVAILABILITY = YES_AGGRESSIVE;
				CLANG_WARN_UNREACHABLE_CODE = YES;
				CLANG_WARN__DUPLICATE_METHOD_MATCH = YES;
				CODE_SIGN_IDENTITY = "iPhone Developer";
				COPY_PHASE_STRIP = NO;
				DEBUG_INFORMATION_FORMAT = dwarf;
				ENABLE_STRICT_OBJC_MSGSEND = YES;
				ENABLE_TESTABILITY = YES;
				GCC_C_LANGUAGE_STANDARD = gnu11;
				GCC_DYNAMIC_NO_PIC = NO;
				GCC_NO_COMMON_BLOCKS = YES;
				GCC_OPTIMIZATION_LEVEL = 0;
				GCC_PREPROCESSOR_DEFINITIONS = (
					"DEBUG=1",
					"$(inherited)",
				);
				GCC_WARN_64_TO_32_BIT_CONVERSION = YES;
				GCC_WARN_ABOUT_RETURN_TYPE = YES_ERROR;
				GCC_WARN_UNDECLARED_SELECTOR = YES;
				GCC_WARN_UNINITIALIZED_AUTOS = YES_AGGRESSIVE;
				GCC_WARN_UNUSED_FUNCTION = YES;
				GCC_WARN_UNUSED_VARIABLE = YES;
				IPHONEOS_DEPLOYMENT_TARGET = 11.2;
				MTL_ENABLE_DEBUG_INFO = YES;
				ONLY_ACTIVE_ARCH = YES;
				SDKROOT = iphoneos;
				SWIFT_ACTIVE_COMPILATION_CONDITIONS = DEBUG;
				SWIFT_OPTIMIZATION_LEVEL = "-Onone";
			};
			name = Debug;
		};
		90577E202032E0ED00D46AF9 /* Release */ = {
			isa = XCBuildConfiguration;
			buildSettings = {
				ALWAYS_SEARCH_USER_PATHS = NO;
				CLANG_ANALYZER_NONNULL = YES;
				CLANG_ANALYZER_NUMBER_OBJECT_CONVERSION = YES_AGGRESSIVE;
				CLANG_CXX_LANGUAGE_STANDARD = "gnu++14";
				CLANG_CXX_LIBRARY = "libc++";
				CLANG_ENABLE_MODULES = YES;
				CLANG_ENABLE_OBJC_ARC = YES;
				CLANG_WARN_BLOCK_CAPTURE_AUTORELEASING = YES;
				CLANG_WARN_BOOL_CONVERSION = YES;
				CLANG_WARN_COMMA = YES;
				CLANG_WARN_CONSTANT_CONVERSION = YES;
				CLANG_WARN_DIRECT_OBJC_ISA_USAGE = YES_ERROR;
				CLANG_WARN_DOCUMENTATION_COMMENTS = YES;
				CLANG_WARN_EMPTY_BODY = YES;
				CLANG_WARN_ENUM_CONVERSION = YES;
				CLANG_WARN_INFINITE_RECURSION = YES;
				CLANG_WARN_INT_CONVERSION = YES;
				CLANG_WARN_NON_LITERAL_NULL_CONVERSION = YES;
				CLANG_WARN_OBJC_LITERAL_CONVERSION = YES;
				CLANG_WARN_OBJC_ROOT_CLASS = YES_ERROR;
				CLANG_WARN_RANGE_LOOP_ANALYSIS = YES;
				CLANG_WARN_STRICT_PROTOTYPES = YES;
				CLANG_WARN_SUSPICIOUS_MOVE = YES;
				CLANG_WARN_UNGUARDED_AVAILABILITY = YES_AGGRESSIVE;
				CLANG_WARN_UNREACHABLE_CODE = YES;
				CLANG_WARN__DUPLICATE_METHOD_MATCH = YES;
				CODE_SIGN_IDENTITY = "iPhone Developer";
				COPY_PHASE_STRIP = NO;
				DEBUG_INFORMATION_FORMAT = "dwarf-with-dsym";
				ENABLE_NS_ASSERTIONS = NO;
				ENABLE_STRICT_OBJC_MSGSEND = YES;
				GCC_C_LANGUAGE_STANDARD = gnu11;
				GCC_NO_COMMON_BLOCKS = YES;
				GCC_WARN_64_TO_32_BIT_CONVERSION = YES;
				GCC_WARN_ABOUT_RETURN_TYPE = YES_ERROR;
				GCC_WARN_UNDECLARED_SELECTOR = YES;
				GCC_WARN_UNINITIALIZED_AUTOS = YES_AGGRESSIVE;
				GCC_WARN_UNUSED_FUNCTION = YES;
				GCC_WARN_UNUSED_VARIABLE = YES;
				IPHONEOS_DEPLOYMENT_TARGET = 11.2;
				MTL_ENABLE_DEBUG_INFO = NO;
				SDKROOT = iphoneos;
				SWIFT_OPTIMIZATION_LEVEL = "-Owholemodule";
				VALIDATE_PRODUCT = YES;
			};
			name = Release;
		};
		90577E222032E0ED00D46AF9 /* Debug */ = {
			isa = XCBuildConfiguration;
			buildSettings = {
				ASSETCATALOG_COMPILER_APPICON_NAME = AppIcon;
				CODE_SIGN_STYLE = Automatic;
				DEVELOPMENT_TEAM = 4W5R8MVCV3;
				INFOPLIST_FILE = SoundMixer/Info.plist;
				IPHONEOS_DEPLOYMENT_TARGET = 11.2;
				LD_RUNPATH_SEARCH_PATHS = "$(inherited) @executable_path/Frameworks";
				PRODUCT_BUNDLE_IDENTIFIER = com.gmal.dare.riho.SoundMixer2;
				PRODUCT_NAME = "$(TARGET_NAME)";
				SWIFT_VERSION = 4.0;
				TARGETED_DEVICE_FAMILY = "1,2";
			};
			name = Debug;
		};
		90577E232032E0ED00D46AF9 /* Release */ = {
			isa = XCBuildConfiguration;
			buildSettings = {
				ASSETCATALOG_COMPILER_APPICON_NAME = AppIcon;
				CODE_SIGN_STYLE = Automatic;
				DEVELOPMENT_TEAM = 4W5R8MVCV3;
				INFOPLIST_FILE = SoundMixer/Info.plist;
				IPHONEOS_DEPLOYMENT_TARGET = 11.2;
				LD_RUNPATH_SEARCH_PATHS = "$(inherited) @executable_path/Frameworks";
				PRODUCT_BUNDLE_IDENTIFIER = com.gmal.dare.riho.SoundMixer2;
				PRODUCT_NAME = "$(TARGET_NAME)";
				SWIFT_VERSION = 4.0;
				TARGETED_DEVICE_FAMILY = "1,2";
			};
			name = Release;
		};
/* End XCBuildConfiguration section */

/* Begin XCConfigurationList section */
		90577E082032E0EC00D46AF9 /* Build configuration list for PBXProject "SoundMixer" */ = {
			isa = XCConfigurationList;
			buildConfigurations = (
				90577E1F2032E0ED00D46AF9 /* Debug */,
				90577E202032E0ED00D46AF9 /* Release */,
			);
			defaultConfigurationIsVisible = 0;
			defaultConfigurationName = Release;
		};
		90577E212032E0ED00D46AF9 /* Build configuration list for PBXNativeTarget "SoundMixer" */ = {
			isa = XCConfigurationList;
			buildConfigurations = (
				90577E222032E0ED00D46AF9 /* Debug */,
				90577E232032E0ED00D46AF9 /* Release */,
			);
			defaultConfigurationIsVisible = 0;
			defaultConfigurationName = Release;
		};
/* End XCConfigurationList section */
	};
	rootObject = 90577E052032E0EC00D46AF9 /* Project object */;
}
